
Microsoft Visual Studio Solution File, Format Version 12.00
# Visual Studio 14
VisualStudioVersion = 14.0.23107.0
MinimumVisualStudioVersion = 10.0.40219.1
Project("{8BC9CEB8-8B4A-11D0-8D11-00A0C91BC942}") = "matrix", "matrix.vcxproj", "{98592BC7-3B27-4798-8662-6672508999BF}"
	ProjectSection(ProjectDependencies) = postProject
		{A5A80699-1643-4196-90CE-9FD9E8863E2A} = {A5A80699-1643-4196-90CE-9FD9E8863E2A}
	EndProjectSection
EndProject
Project("{8BC9CEB8-8B4A-11D0-8D11-00A0C91BC942}") = "mlearning", "mlearning.vcxproj", "{C86367E7-04F5-4962-9673-CDFC0EFA2847}"
	ProjectSection(ProjectDependencies) = postProject
		{A5A80699-1643-4196-90CE-9FD9E8863E2A} = {A5A80699-1643-4196-90CE-9FD9E8863E2A}
	EndProjectSection
EndProject
Project("{8BC9CEB8-8B4A-11D0-8D11-00A0C91BC942}") = "uLib", "..\vs2015.vcxproj", "{A5A80699-1643-4196-90CE-9FD9E8863E2A}"
EndProject
Project("{8BC9CEB8-8B4A-11D0-8D11-00A0C91BC942}") = "fft_testing", "fft_testing.vcxproj", "{6C124C07-4CDF-4F4C-8AB7-14EBC07BF711}"
EndProject
Global
	GlobalSection(SolutionConfigurationPlatforms) = preSolution
		Debug|x64 = Debug|x64
		Debug|x86 = Debug|x86
		Release|x64 = Release|x64
		Release|x86 = Release|x86
	EndGlobalSection
	GlobalSection(ProjectConfigurationPlatforms) = postSolution
		{98592BC7-3B27-4798-8662-6672508999BF}.Debug|x64.ActiveCfg = Debug|x64
		{98592BC7-3B27-4798-8662-6672508999BF}.Debug|x64.Build.0 = Debug|x64
		{98592BC7-3B27-4798-8662-6672508999BF}.Debug|x86.ActiveCfg = Debug|Win32
		{98592BC7-3B27-4798-8662-6672508999BF}.Debug|x86.Build.0 = Debug|Win32
		{98592BC7-3B27-4798-8662-6672508999BF}.Release|x64.ActiveCfg = Release|x64
		{98592BC7-3B27-4798-8662-6672508999BF}.Release|x64.Build.0 = Release|x64
		{98592BC7-3B27-4798-8662-6672508999BF}.Release|x86.ActiveCfg = Release|Win32
		{98592BC7-3B27-4798-8662-6672508999BF}.Release|x86.Build.0 = Release|Win32
		{C86367E7-04F5-4962-9673-CDFC0EFA2847}.Debug|x64.ActiveCfg = Debug|x64
		{C86367E7-04F5-4962-9673-CDFC0EFA2847}.Debug|x64.Build.0 = Debug|x64
		{C86367E7-04F5-4962-9673-CDFC0EFA2847}.Debug|x86.ActiveCfg = Debug|Win32
		{C86367E7-04F5-4962-9673-CDFC0EFA2847}.Debug|x86.Build.0 = Debug|Win32
		{C86367E7-04F5-4962-9673-CDFC0EFA2847}.Release|x64.ActiveCfg = Release|x64
		{C86367E7-04F5-4962-9673-CDFC0EFA2847}.Release|x64.Build.0 = Release|x64
		{C86367E7-04F5-4962-9673-CDFC0EFA2847}.Release|x86.ActiveCfg = Release|Win32
		{C86367E7-04F5-4962-9673-CDFC0EFA2847}.Release|x86.Build.0 = Release|Win32
		{A5A80699-1643-4196-90CE-9FD9E8863E2A}.Debug|x64.ActiveCfg = Debug|x64
		{A5A80699-1643-4196-90CE-9FD9E8863E2A}.Debug|x64.Build.0 = Debug|x64
		{A5A80699-1643-4196-90CE-9FD9E8863E2A}.Debug|x86.ActiveCfg = Debug|Win32
		{A5A80699-1643-4196-90CE-9FD9E8863E2A}.Debug|x86.Build.0 = Debug|Win32
		{A5A80699-1643-4196-90CE-9FD9E8863E2A}.Release|x64.ActiveCfg = Release|x64
		{A5A80699-1643-4196-90CE-9FD9E8863E2A}.Release|x64.Build.0 = Release|x64
		{A5A80699-1643-4196-90CE-9FD9E8863E2A}.Release|x86.ActiveCfg = Release|Win32
		{A5A80699-1643-4196-90CE-9FD9E8863E2A}.Release|x86.Build.0 = Release|Win32
		{6C124C07-4CDF-4F4C-8AB7-14EBC07BF711}.Debug|x64.ActiveCfg = Debug|x64
		{6C124C07-4CDF-4F4C-8AB7-14EBC07BF711}.Debug|x64.Build.0 = Debug|x64
		{6C124C07-4CDF-4F4C-8AB7-14EBC07BF711}.Debug|x86.ActiveCfg = Debug|Win32
		{6C124C07-4CDF-4F4C-8AB7-14EBC07BF711}.Debug|x86.Build.0 = Debug|Win32
		{6C124C07-4CDF-4F4C-8AB7-14EBC07BF711}.Release|x64.ActiveCfg = Release|x64
		{6C124C07-4CDF-4F4C-8AB7-14EBC07BF711}.Release|x64.Build.0 = Release|x64
		{6C124C07-4CDF-4F4C-8AB7-14EBC07BF711}.Release|x86.ActiveCfg = Release|Win32
		{6C124C07-4CDF-4F4C-8AB7-14EBC07BF711}.Release|x86.Build.0 = Release|Win32
	EndGlobalSection
	GlobalSection(SolutionProperties) = preSolution
		HideSolutionNode = FALSE
	EndGlobalSection
EndGlobal
